
Microsoft Visual Studio Solution File, Format Version 12.00
# Visual Studio Version 17
VisualStudioVersion = 17.9.34728.123
MinimumVisualStudioVersion = 10.0.40219.1
Project("{9A19103F-16F7-4668-BE54-9A1E7A4F7556}") = "WebApplication_forLearning", "WebApplication_forLearning.csproj", "{7EE0AF61-8E6F-40E0-A447-C7BBD5580F66}"
EndProject
Project("{9A19103F-16F7-4668-BE54-9A1E7A4F7556}") = "DTBOAuthLoginService", "DTBOAuthLoginService\DTBOAuthLoginService.csproj", "{3FFE1C50-84A7-4B09-8F4D-4B5A1A044D3E}"
EndProject
Project("{9A19103F-16F7-4668-BE54-9A1E7A4F7556}") = "DatabaseApiServices", "DatabaseApiServices\DatabaseApiServices.csproj", "{25B503F2-EA39-4CB8-8B4C-E1E27CE40D7F}"
EndProject
Global
	GlobalSection(SolutionConfigurationPlatforms) = preSolution
		Debug|Any CPU = Debug|Any CPU
		Release|Any CPU = Release|Any CPU
	EndGlobalSection
	GlobalSection(ProjectConfigurationPlatforms) = postSolution
		{7EE0AF61-8E6F-40E0-A447-C7BBD5580F66}.Debug|Any CPU.ActiveCfg = Debug|Any CPU
		{7EE0AF61-8E6F-40E0-A447-C7BBD5580F66}.Debug|Any CPU.Build.0 = Debug|Any CPU
		{7EE0AF61-8E6F-40E0-A447-C7BBD5580F66}.Release|Any CPU.ActiveCfg = Release|Any CPU
		{7EE0AF61-8E6F-40E0-A447-C7BBD5580F66}.Release|Any CPU.Build.0 = Release|Any CPU
		{3FFE1C50-84A7-4B09-8F4D-4B5A1A044D3E}.Debug|Any CPU.ActiveCfg = Debug|Any CPU
		{3FFE1C50-84A7-4B09-8F4D-4B5A1A044D3E}.Debug|Any CPU.Build.0 = Debug|Any CPU
		{3FFE1C50-84A7-4B09-8F4D-4B5A1A044D3E}.Release|Any CPU.ActiveCfg = Release|Any CPU
		{3FFE1C50-84A7-4B09-8F4D-4B5A1A044D3E}.Release|Any CPU.Build.0 = Release|Any CPU
		{25B503F2-EA39-4CB8-8B4C-E1E27CE40D7F}.Debug|Any CPU.ActiveCfg = Debug|Any CPU
		{25B503F2-EA39-4CB8-8B4C-E1E27CE40D7F}.Debug|Any CPU.Build.0 = Debug|Any CPU
		{25B503F2-EA39-4CB8-8B4C-E1E27CE40D7F}.Release|Any CPU.ActiveCfg = Release|Any CPU
		{25B503F2-EA39-4CB8-8B4C-E1E27CE40D7F}.Release|Any CPU.Build.0 = Release|Any CPU
	EndGlobalSection
	GlobalSection(SolutionProperties) = preSolution
		HideSolutionNode = FALSE
	EndGlobalSection
	GlobalSection(ExtensibilityGlobals) = postSolution
		SolutionGuid = {DBC2EEC8-E5A6-4451-9D65-EFE627DC5522}
	EndGlobalSection
EndGlobal
